{
    "_readme": [
        "This file locks the dependencies of your project to a known state",
        "Read more about it at https://getcomposer.org/doc/01-basic-usage.md#composer-lock-the-lock-file",
        "This file is @generated automatically"
    ],
    "hash": "7cc9d9054e368174791d8973f32a7215",
    "packages": [
        {
            "name": "barnabywalters/mf-cleaner",
            "version": "v0.1.4",
            "source": {
                "type": "git",
                "url": "https://github.com/barnabywalters/php-mf-cleaner.git",
                "reference": "ef6a16628db6e8aee2b4f8bb8093d18c24b74cd4"
            },
            "dist": {
                "type": "zip",
                "url": "https://api.github.com/repos/barnabywalters/php-mf-cleaner/zipball/ef6a16628db6e8aee2b4f8bb8093d18c24b74cd4",
                "reference": "ef6a16628db6e8aee2b4f8bb8093d18c24b74cd4",
                "shasum": ""
            },
            "require-dev": {
                "php": ">=5.3",
                "phpunit/phpunit": "*"
            },
            "suggest": {
                "mf2/mf2": "To parse microformats2 structures from (X)HTML"
            },
            "type": "library",
            "autoload": {
                "files": [
                    "src/BarnabyWalters/Mf2/Functions.php"
                ]
            },
            "notification-url": "https://packagist.org/downloads/",
            "license": [
                "MIT"
            ],
            "authors": [
                {
                    "name": "Barnaby Walters",
                    "email": "barnaby@waterpigs.co.uk"
                }
            ],
            "description": "Cleans up microformats2 array structures",
            "time": "2014-10-06 23:11:15"
        },
        {
            "name": "mf2/mf2",
            "version": "v0.2.12",
            "source": {
                "type": "git",
                "url": "https://github.com/indieweb/php-mf2.git",
                "reference": "6701504876d6c9242eb310b35f41d40d9785ab4e"
            },
            "dist": {
                "type": "zip",
                "url": "https://api.github.com/repos/indieweb/php-mf2/zipball/6701504876d6c9242eb310b35f41d40d9785ab4e",
                "reference": "6701504876d6c9242eb310b35f41d40d9785ab4e",
                "shasum": ""
            },
            "require": {
                "php": ">=5.3.0"
            },
            "require-dev": {
                "phpunit/phpunit": "3.7.*"
            },
            "suggest": {
                "barnabywalters/mf-cleaner": "To more easily handle the canonical data php-mf2 gives you"
            },
            "bin": [
                "bin/fetch-mf2",
                "bin/parse-mf2"
            ],
            "type": "library",
            "autoload": {
                "files": [
                    "Mf2/Parser.php"
                ]
            },
            "notification-url": "https://packagist.org/downloads/",
            "license": [
                "MIT"
            ],
            "authors": [
                {
                    "name": "Barnaby Walters",
                    "homepage": "http://waterpigs.co.uk"
                }
            ],
            "description": "A pure, generic microformats2 parser — makes HTML as easy to consume as a JSON API",
            "keywords": [
                "html",
                "microformats",
                "microformats 2",
                "parser",
                "semantic"
            ],
            "time": "2015-07-12 14:10:01"
        },
        {
            "name": "mf2/shim",
            "version": "v0.2.4",
            "source": {
                "type": "git",
                "url": "https://github.com/indieweb/php-mf2-shim.git",
                "reference": "8a72b720bf60f0d5ceb2edf2b5e2ffc9f252bf1c"
            },
            "dist": {
                "type": "zip",
                "url": "https://api.github.com/repos/indieweb/php-mf2-shim/zipball/8a72b720bf60f0d5ceb2edf2b5e2ffc9f252bf1c",
                "reference": "8a72b720bf60f0d5ceb2edf2b5e2ffc9f252bf1c",
                "shasum": ""
            },
            "require": {
                "mf2/mf2": "~0.2.6",
                "php": ">=5.3.0"
            },
            "require-dev": {
                "phpunit/phpunit": "3.7.*"
            },
            "type": "library",
            "autoload": {
                "files": [
                    "Mf2/functions.php",
                    "Mf2/Shim/Twitter.php",
                    "Mf2/Shim/Instagram.php",
                    "Mf2/Shim/Facebook.php"
                ]
            },
            "notification-url": "https://packagist.org/downloads/",
            "license": [
                "MIT"
            ],
            "authors": [
                {
                    "name": "Barnaby Walters",
                    "homepage": "http://waterpigs.co.uk"
                },
                {
                    "name": "Aaron Parecki",
                    "homepage": "http://aaronparecki.com"
                }
            ],
            "description": "A parsing library for parsing pages from a few common non-mf2 sites into the mf2 structure",
            "keywords": [
                "instagram",
                "microformats",
                "microformats 2",
                "parser",
                "semantic",
                "twitter"
            ],
            "time": "2014-04-29 17:50:56"
        }
    ],
    "packages-dev": [],
    "aliases": [],
    "minimum-stability": "stable",
    "stability-flags": [],
    "prefer-stable": false,
    "prefer-lowest": false,
    "platform": [],
    "platform-dev": []
}
